
Microsoft Visual Studio Solution File, Format Version 12.00
# Visual Studio Version 17
VisualStudioVersion = 17.3.32929.385
MinimumVisualStudioVersion = 10.0.40219.1
Project("{FAE04EC0-301F-11D3-BF4B-00C04F79EFBC}") = "HesapMakinasi", "HesapMakinasi\HesapMakinasi.csproj", "{59783A7E-88FA-4102-AD4B-E4A9EF76BED9}"
EndProject
Global
	GlobalSection(SolutionConfigurationPlatforms) = preSolution
		Debug|Any CPU = Debug|Any CPU
		Release|Any CPU = Release|Any CPU
	EndGlobalSection
	GlobalSection(ProjectConfigurationPlatforms) = postSolution
		{59783A7E-88FA-4102-AD4B-E4A9EF76BED9}.Debug|Any CPU.ActiveCfg = Debug|Any CPU
		{59783A7E-88FA-4102-AD4B-E4A9EF76BED9}.Debug|Any CPU.Build.0 = Debug|Any CPU
		{59783A7E-88FA-4102-AD4B-E4A9EF76BED9}.Release|Any CPU.ActiveCfg = Release|Any CPU
		{59783A7E-88FA-4102-AD4B-E4A9EF76BED9}.Release|Any CPU.Build.0 = Release|Any CPU
	EndGlobalSection
	GlobalSection(SolutionProperties) = preSolution
		HideSolutionNode = FALSE
	EndGlobalSection
	GlobalSection(ExtensibilityGlobals) = postSolution
		SolutionGuid = {A174BF26-830B-456E-BC79-C388C9A2CB07}
	EndGlobalSection
EndGlobal
